<?xml version="1.0" encoding="UTF-8"?>
<CONFIG>
  <ProjectOptions>
    <Version Value="11"/>
    <PathDelim Value="\"/>
    <General>
      <SessionStorage Value="InProjectDir"/>
      <MainUnit Value="0"/>
      <Title Value="moontool"/>
      <ResourceType Value="res"/>
      <UseXPManifest Value="True"/>
      <XPManifest>
        <DpiAware Value="True"/>
      </XPManifest>
      <Icon Value="0"/>
    </General>
    <i18n>
      <EnableI18N Value="True"/>
      <OutDir Value="languages"/>
      <ExcludedIdentifiers Count="127">
        <Item1 Value="tfrmabout.lblmain.caption"/>
        <Item2 Value="tfrmabout.lblref.caption"/>
        <Item3 Value="tfrmjewish.caption"/>
        <Item4 Value="tfrmjewish.btncancel.caption"/>
        <Item5 Value="tfrmjewish.btnnow.caption"/>
        <Item6 Value="tfrmjewish.btnok.caption"/>
        <Item7 Value="tfrmjewish.edtday.text"/>
        <Item8 Value="tfrmjewish.edtdayjewish.text"/>
        <Item9 Value="tfrmjewish.edtyear.text"/>
        <Item10 Value="tfrmjewish.edtyearjewish.text"/>
        <Item11 Value="tfrmjewish.grpgregorian.caption"/>
        <Item12 Value="tfrmjewish.grpjewish.caption"/>
        <Item13 Value="tfrmjewish.grpjulian.caption"/>
        <Item14 Value="tfrmjewish.lblday.caption"/>
        <Item15 Value="tfrmjewish.lbldayjewish.caption"/>
        <Item16 Value="tfrmjewish.lbljulian.caption"/>
        <Item17 Value="tfrmjewish.lblmonth.caption"/>
        <Item18 Value="tfrmjewish.lblmonthjewish.caption"/>
        <Item19 Value="tfrmjewish.lblyear.caption"/>
        <Item20 Value="tfrmjewish.lblyearjewish.caption"/>
        <Item21 Value="tfrmjulian.btncancel.caption"/>
        <Item22 Value="tfrmjulian.btnnow.caption"/>
        <Item23 Value="tfrmjulian.btnok.caption"/>
        <Item24 Value="tfrmjulian.grputc.caption"/>
        <Item25 Value="tfrmjulian.lbljulian.caption"/>
        <Item26 Value="tfrmlocations.btncancel.caption"/>
        <Item27 Value="tfrmlocations.btnok.caption"/>
        <Item28 Value="tfrmlocations.lblaltitude.caption"/>
        <Item29 Value="tfrmlocations.lbllatitude.caption"/>
        <Item30 Value="tfrmlocations.lbllatdeg.caption"/>
        <Item31 Value="tfrmlocations.lbllatmin.caption"/>
        <Item32 Value="tfrmlocations.lbllatsec.caption"/>
        <Item33 Value="tfrmlocations.lbllongitude.caption"/>
        <Item34 Value="tfrmlocations.lbllongdeg.caption"/>
        <Item35 Value="tfrmlocations.lbllongmin.caption"/>
        <Item36 Value="tfrmlocations.lbllongsec.caption"/>
        <Item37 Value="tfrmmoredata.caption"/>
        <Item38 Value="tfrmmoredata.lblaltitude.caption"/>
        <Item39 Value="tfrmmoredata.lblapogee.caption"/>
        <Item40 Value="tfrmmoredata.lblaphel.caption"/>
        <Item41 Value="tfrmmoredata.lblautumn.caption"/>
        <Item42 Value="tfrmmoredata.lblchinese.caption"/>
        <Item43 Value="tfrmmoredata.lbleaster.caption"/>
        <Item44 Value="tfrmmoredata.lbleasterjulian.caption"/>
        <Item45 Value="tfrmmoredata.lbllatitude.caption"/>
        <Item46 Value="tfrmmoredata.lbllocation.caption"/>
        <Item47 Value="tfrmmoredata.lbllongitude.caption"/>
        <Item48 Value="tfrmmoredata.lblmoondeclination.caption"/>
        <Item49 Value="tfrmmoredata.lblmooneclipse.caption"/>
        <Item50 Value="tfrmmoredata.lblmoonrektaszension.caption"/>
        <Item51 Value="tfrmmoredata.lblmoonrise.caption"/>
        <Item52 Value="tfrmmoredata.lblmoonset.caption"/>
        <Item53 Value="tfrmmoredata.lblmoontransit.caption"/>
        <Item54 Value="tfrmmoredata.lblmoonzodiac.caption"/>
        <Item55 Value="tfrmmoredata.lblperigee.caption"/>
        <Item56 Value="tfrmmoredata.lblperihel.caption"/>
        <Item57 Value="tfrmmoredata.lblpesach.caption"/>
        <Item58 Value="tfrmmoredata.lblspring.caption"/>
        <Item59 Value="tfrmmoredata.lblsummer.caption"/>
        <Item60 Value="tfrmmoredata.lblsundeclination.caption"/>
        <Item61 Value="tfrmmoredata.lblsuneclipse.caption"/>
        <Item62 Value="tfrmmoredata.lblsunrektaszension.caption"/>
        <Item63 Value="tfrmmoredata.lblsunrise.caption"/>
        <Item64 Value="tfrmmoredata.lblsunset.caption"/>
        <Item65 Value="tfrmmoredata.lblsunsubtend.caption"/>
        <Item66 Value="tfrmmoredata.lblsuntransit.caption"/>
        <Item67 Value="tfrmmoredata.lblsunzodiac.caption"/>
        <Item68 Value="tfrmmoredata.lblwinter.caption"/>
        <Item69 Value="tfrmmoredata.pgcalendar.caption"/>
        <Item70 Value="tfrmmoredata.pgmoon.caption"/>
        <Item71 Value="tfrmmoredata.pgsun.caption"/>
        <Item72 Value="tfrmmoredata.valmoonzodiac.caption"/>
        <Item73 Value="tfrmmoredata.valsunzodiac.caption"/>
        <Item74 Value="tfrmutc.btncancel.caption"/>
        <Item75 Value="tfrmutc.btnnow.caption"/>
        <Item76 Value="tfrmutc.btnok.caption"/>
        <Item77 Value="tfrmutc.edtday.text"/>
        <Item78 Value="tfrmutc.edthour.text"/>
        <Item79 Value="tfrmutc.edtmin.text"/>
        <Item80 Value="tfrmutc.edtsec.text"/>
        <Item81 Value="tfrmutc.edtyear.text"/>
        <Item82 Value="tfrmutc.grpjulian.caption"/>
        <Item83 Value="tfrmutc.grputc.caption"/>
        <Item84 Value="tfrmutc.lblday.caption"/>
        <Item85 Value="tfrmutc.lblhour.caption"/>
        <Item86 Value="tfrmutc.lbljulian.caption"/>
        <Item87 Value="tfrmutc.lblmin.caption"/>
        <Item88 Value="tfrmutc.lblmonth.caption"/>
        <Item89 Value="tfrmutc.lblsec.caption"/>
        <Item90 Value="tfrmutc.lblyear.caption"/>
        <Item91 Value="tmainform.caption"/>
        <Item92 Value="tmainform.lblageofmoon.caption"/>
        <Item93 Value="tmainform.lblfirstquart.caption"/>
        <Item94 Value="tmainform.lblfullmoon.caption"/>
        <Item95 Value="tmainform.lbljulian.caption"/>
        <Item96 Value="tmainform.lbllastnew.caption"/>
        <Item97 Value="tmainform.lbllastquart.caption"/>
        <Item98 Value="tmainform.lbllocal.caption"/>
        <Item99 Value="tmainform.lblmoondistance.caption"/>
        <Item100 Value="tmainform.lblmoonsubtend.caption"/>
        <Item101 Value="tmainform.lblnextnewmoon.caption"/>
        <Item102 Value="tmainform.lblphase.caption"/>
        <Item103 Value="tmainform.lblsundistance.caption"/>
        <Item104 Value="tmainform.lblsunsubtend.caption"/>
        <Item105 Value="tmainform.lblutc.caption"/>
        <Item106 Value="tmainform.mnucolorizemoon.caption"/>
        <Item107 Value="tmainform.mnucopy.caption"/>
        <Item108 Value="tmainform.mnuedit.caption"/>
        <Item109 Value="tmainform.mnuexit.caption"/>
        <Item110 Value="tmainform.mnufastmode.caption"/>
        <Item111 Value="tmainform.mnufile.caption"/>
        <Item112 Value="tmainform.mnuhelp.caption"/>
        <Item113 Value="tmainform.mnuhelpitem.caption"/>
        <Item114 Value="tmainform.mnuhelptimezones.caption"/>
        <Item115 Value="tmainform.mnujulian.caption"/>
        <Item116 Value="tmainform.mnulanguagede.caption"/>
        <Item117 Value="tmainform.mnulanguageen.caption"/>
        <Item118 Value="tmainform.mnulocations.caption"/>
        <Item119 Value="tmainform.mnumenuabout.caption"/>
        <Item120 Value="tmainform.mnumoredata.caption"/>
        <Item121 Value="tmainform.mnunormalspeed.caption"/>
        <Item122 Value="tmainform.mnuoptions.caption"/>
        <Item123 Value="tmainform.mnurotate.caption"/>
        <Item124 Value="tmainform.mnurotsouth.caption"/>
        <Item125 Value="tmainform.mnustop.caption"/>
        <Item126 Value="tmainform.mnuutc.caption"/>
        <Item127 Value="tmainform.mnuveryfastmode.caption"/>
      </ExcludedIdentifiers>
      <ExcludedOriginals Count="1">
        <Item1 Value="-"/>
      </ExcludedOriginals>
    </i18n>
    <BuildModes Count="1">
      <Item1 Name="Default" Default="True"/>
    </BuildModes>
    <PublishOptions>
      <Version Value="2"/>
    </PublishOptions>
    <RunParams>
      <FormatVersion Value="2"/>
      <Modes Count="1">
        <Mode0 Name="default"/>
      </Modes>
    </RunParams>
    <RequiredPackages Count="2">
      <Item1>
        <PackageName Value="tmoon_laz"/>
      </Item1>
      <Item2>
        <PackageName Value="LCL"/>
      </Item2>
    </RequiredPackages>
    <Units Count="11">
      <Unit0>
        <Filename Value="moontool.lpr"/>
        <IsPartOfProject Value="True"/>
      </Unit0>
      <Unit1>
        <Filename Value="mtmain.pas"/>
        <IsPartOfProject Value="True"/>
        <ComponentName Value="MainForm"/>
        <HasResources Value="True"/>
        <ResourceBaseClass Value="Form"/>
        <UnitName Value="mtMain"/>
      </Unit1>
      <Unit2>
        <Filename Value="mtabout.pas"/>
        <IsPartOfProject Value="True"/>
        <ComponentName Value="frmAbout"/>
        <HasResources Value="True"/>
        <ResourceBaseClass Value="Form"/>
        <UnitName Value="mtAbout"/>
      </Unit2>
      <Unit3>
        <Filename Value="mtmoredataform.pas"/>
        <IsPartOfProject Value="True"/>
        <ComponentName Value="frmMoreData"/>
        <HasResources Value="True"/>
        <ResourceBaseClass Value="Form"/>
        <UnitName Value="mtMoreDataForm"/>
      </Unit3>
      <Unit4>
        <Filename Value="mtjulianform.pas"/>
        <IsPartOfProject Value="True"/>
        <ComponentName Value="frmJulian"/>
        <HasResources Value="True"/>
        <ResourceBaseClass Value="Form"/>
        <UnitName Value="mtJulianForm"/>
      </Unit4>
      <Unit5>
        <Filename Value="mtutcform.pas"/>
        <IsPartOfProject Value="True"/>
        <ComponentName Value="frmUTC"/>
        <HasResources Value="True"/>
        <ResourceBaseClass Value="Form"/>
        <UnitName Value="mtUTCForm"/>
      </Unit5>
      <Unit6>
        <Filename Value="mtlocation.pas"/>
        <IsPartOfProject Value="True"/>
        <ComponentName Value="frmLocations"/>
        <HasResources Value="True"/>
        <ResourceBaseClass Value="Form"/>
        <UnitName Value="mtLocation"/>
      </Unit6>
      <Unit7>
        <Filename Value="mtjewishform.pas"/>
        <IsPartOfProject Value="True"/>
        <ComponentName Value="frmJewish"/>
        <HasResources Value="True"/>
        <ResourceBaseClass Value="Form"/>
        <UnitName Value="mtJewishForm"/>
      </Unit7>
      <Unit8>
        <Filename Value="mtconst.pas"/>
        <IsPartOfProject Value="True"/>
        <UnitName Value="mtConst"/>
      </Unit8>
      <Unit9>
        <Filename Value="mtutils.pas"/>
        <IsPartOfProject Value="True"/>
        <UnitName Value="mtUtils"/>
      </Unit9>
      <Unit10>
        <Filename Value="mtstrings.pas"/>
        <IsPartOfProject Value="True"/>
        <UnitName Value="mtStrings"/>
      </Unit10>
    </Units>
  </ProjectOptions>
  <CompilerOptions>
    <Version Value="11"/>
    <PathDelim Value="\"/>
    <Target>
      <Filename Value="moontool"/>
    </Target>
    <SearchPaths>
      <IncludeFiles Value="..;$(ProjOutDir)"/>
      <UnitOutputDirectory Value="lib\$(TargetCPU)-$(TargetOS)"/>
    </SearchPaths>
    <Parsing>
      <SyntaxOptions>
        <SyntaxMode Value="Delphi"/>
      </SyntaxOptions>
    </Parsing>
    <Linking>
      <Options>
        <Win32>
          <GraphicApplication Value="True"/>
        </Win32>
      </Options>
    </Linking>
  </CompilerOptions>
  <Debugging>
    <Exceptions Count="4">
      <Item1>
        <Name Value="EAbort"/>
      </Item1>
      <Item2>
        <Name Value="ECodetoolError"/>
      </Item2>
      <Item3>
        <Name Value="EFOpenError"/>
      </Item3>
      <Item4>
        <Name Value="EIgnoredTest"/>
      </Item4>
    </Exceptions>
  </Debugging>
</CONFIG>
